// !$*UTF8*$!
{
	archiveVersion = 1;
	classes = {
	};
	objectVersion = 56;
	objects = {

/* Begin PBXBuildFile section */
		5A65100E2B300B96008C5A9E /* UIElementApp.swift in Sources */ = {isa = PBXBuildFile; fileRef = 5A65100D2B300B96008C5A9E /* UIElementApp.swift */; };
		5A6510102B300B96008C5A9E /* ContentView.swift in Sources */ = {isa = PBXBuildFile; fileRef = 5A65100F2B300B96008C5A9E /* ContentView.swift */; };
		5A6510122B300B97008C5A9E /* Assets.xcassets in Resources */ = {isa = PBXBuildFile; fileRef = 5A6510112B300B97008C5A9E /* Assets.xcassets */; };
		5A6510152B300B97008C5A9E /* Preview Assets.xcassets in Resources */ = {isa = PBXBuildFile; fileRef = 5A6510142B300B97008C5A9E /* Preview Assets.xcassets */; };
		5A65101F2B300B97008C5A9E /* UIElementTests.swift in Sources */ = {isa = PBXBuildFile; fileRef = 5A65101E2B300B97008C5A9E /* UIElementTests.swift */; };
		5A6510292B300B97008C5A9E /* UIElementUITests.swift in Sources */ = {isa = PBXBuildFile; fileRef = 5A6510282B300B97008C5A9E /* UIElementUITests.swift */; };
		5A65102B2B300B97008C5A9E /* UIElementUITestsLaunchTests.swift in Sources */ = {isa = PBXBuildFile; fileRef = 5A65102A2B300B97008C5A9E /* UIElementUITestsLaunchTests.swift */; };
/* End PBXBuildFile section */

/* Begin PBXContainerItemProxy section */
		5A65101B2B300B97008C5A9E /* PBXContainerItemProxy */ = {
			isa = PBXContainerItemProxy;
			containerPortal = 5A6510022B300B96008C5A9E /* Project object */;
			proxyType = 1;
			remoteGlobalIDString = 5A6510092B300B96008C5A9E;
			remoteInfo = UIElement;
		};
		5A6510252B300B97008C5A9E /* PBXContainerItemProxy */ = {
			isa = PBXContainerItemProxy;
			containerPortal = 5A6510022B300B96008C5A9E /* Project object */;
			proxyType = 1;
			remoteGlobalIDString = 5A6510092B300B96008C5A9E;
			remoteInfo = UIElement;
		};
/* End PBXContainerItemProxy section */

/* Begin PBXFileReference section */
		5A65100A2B300B96008C5A9E /* UIElement.app */ = {isa = PBXFileReference; explicitFileType = wrapper.application; includeInIndex = 0; path = UIElement.app; sourceTree = BUILT_PRODUCTS_DIR; };
		5A65100D2B300B96008C5A9E /* UIElementApp.swift */ = {isa = PBXFileReference; lastKnownFileType = sourcecode.swift; path = UIElementApp.swift; sourceTree = "<group>"; };
		5A65100F2B300B96008C5A9E /* ContentView.swift */ = {isa = PBXFileReference; lastKnownFileType = sourcecode.swift; path = ContentView.swift; sourceTree = "<group>"; };
		5A6510112B300B97008C5A9E /* Assets.xcassets */ = {isa = PBXFileReference; lastKnownFileType = folder.assetcatalog; path = Assets.xcassets; sourceTree = "<group>"; };
		5A6510142B300B97008C5A9E /* Preview Assets.xcassets */ = {isa = PBXFileReference; lastKnownFileType = folder.assetcatalog; path = "Preview Assets.xcassets"; sourceTree = "<group>"; };
		5A65101A2B300B97008C5A9E /* UIElementTests.xctest */ = {isa = PBXFileReference; explicitFileType = wrapper.cfbundle; includeInIndex = 0; path = UIElementTests.xctest; sourceTree = BUILT_PRODUCTS_DIR; };
		5A65101E2B300B97008C5A9E /* UIElementTests.swift */ = {isa = PBXFileReference; lastKnownFileType = sourcecode.swift; path = UIElementTests.swift; sourceTree = "<group>"; };
		5A6510242B300B97008C5A9E /* UIElementUITests.xctest */ = {isa = PBXFileReference; explicitFileType = wrapper.cfbundle; includeInIndex = 0; path = UIElementUITests.xctest; sourceTree = BUILT_PRODUCTS_DIR; };
		5A6510282B300B97008C5A9E /* UIElementUITests.swift */ = {isa = PBXFileReference; lastKnownFileType = sourcecode.swift; path = UIElementUITests.swift; sourceTree = "<group>"; };
		5A65102A2B300B97008C5A9E /* UIElementUITestsLaunchTests.swift */ = {isa = PBXFileReference; lastKnownFileType = sourcecode.swift; path = UIElementUITestsLaunchTests.swift; sourceTree = "<group>"; };
/* End PBXFileReference section */

/* Begin PBXFrameworksBuildPhase section */
		5A6510072B300B96008C5A9E /* Frameworks */ = {
			isa = PBXFrameworksBuildPhase;
			buildActionMask = 2147483647;
			files = (
			);
			runOnlyForDeploymentPostprocessing = 0;
		};
		5A6510172B300B97008C5A9E /* Frameworks */ = {
			isa = PBXFrameworksBuildPhase;
			buildActionMask = 2147483647;
			files = (
			);
			runOnlyForDeploymentPostprocessing = 0;
		};
		5A6510212B300B97008C5A9E /* Frameworks */ = {
			isa = PBXFrameworksBuildPhase;
			buildActionMask = 2147483647;
			files = (
			);
			runOnlyForDeploymentPostprocessing = 0;
		};
/* End PBXFrameworksBuildPhase section */

/* Begin PBXGroup section */
		5A6510012B300B96008C5A9E = {
			isa = PBXGroup;
			children = (
				5A65100C2B300B96008C5A9E /* UIElement */,
				5A65101D2B300B97008C5A9E /* UIElementTests */,
				5A6510272B300B97008C5A9E /* UIElementUITests */,
				5A65100B2B300B96008C5A9E /* Products */,
			);
			sourceTree = "<group>";
		};
		5A65100B2B300B96008C5A9E /* Products */ = {
			isa = PBXGroup;
			children = (
				5A65100A2B300B96008C5A9E /* UIElement.app */,
				5A65101A2B300B97008C5A9E /* UIElementTests.xctest */,
				5A6510242B300B97008C5A9E /* UIElementUITests.xctest */,
			);
			name = Products;
			sourceTree = "<group>";
		};
		5A65100C2B300B96008C5A9E /* UIElement */ = {
			isa = PBXGroup;
			children = (
				5A65100D2B300B96008C5A9E /* UIElementApp.swift */,
				5A65100F2B300B96008C5A9E /* ContentView.swift */,
				5A6510112B300B97008C5A9E /* Assets.xcassets */,
				5A6510132B300B97008C5A9E /* Preview Content */,
			);
			path = UIElement;
			sourceTree = "<group>";
		};
		5A6510132B300B97008C5A9E /* Preview Content */ = {
			isa = PBXGroup;
			children = (
				5A6510142B300B97008C5A9E /* Preview Assets.xcassets */,
			);
			path = "Preview Content";
			sourceTree = "<group>";
		};
		5A65101D2B300B97008C5A9E /* UIElementTests */ = {
			isa = PBXGroup;
			children = (
				5A65101E2B300B97008C5A9E /* UIElementTests.swift */,
			);
			path = UIElementTests;
			sourceTree = "<group>";
		};
		5A6510272B300B97008C5A9E /* UIElementUITests */ = {
			isa = PBXGroup;
			children = (
				5A6510282B300B97008C5A9E /* UIElementUITests.swift */,
				5A65102A2B300B97008C5A9E /* UIElementUITestsLaunchTests.swift */,
			);
			path = UIElementUITests;
			sourceTree = "<group>";
		};
/* End PBXGroup section */

/* Begin PBXNativeTarget section */
		5A6510092B300B96008C5A9E /* UIElement */ = {
			isa = PBXNativeTarget;
			buildConfigurationList = 5A65102E2B300B97008C5A9E /* Build configuration list for PBXNativeTarget "UIElement" */;
			buildPhases = (
				5A6510062B300B96008C5A9E /* Sources */,
				5A6510072B300B96008C5A9E /* Frameworks */,
				5A6510082B300B96008C5A9E /* Resources */,
			);
			buildRules = (
			);
			dependencies = (
			);
			name = UIElement;
			productName = UIElement;
			productReference = 5A65100A2B300B96008C5A9E /* UIElement.app */;
			productType = "com.apple.product-type.application";
		};
		5A6510192B300B97008C5A9E /* UIElementTests */ = {
			isa = PBXNativeTarget;
			buildConfigurationList = 5A6510312B300B97008C5A9E /* Build configuration list for PBXNativeTarget "UIElementTests" */;
			buildPhases = (
				5A6510162B300B97008C5A9E /* Sources */,
				5A6510172B300B97008C5A9E /* Frameworks */,
				5A6510182B300B97008C5A9E /* Resources */,
			);
			buildRules = (
			);
			dependencies = (
				5A65101C2B300B97008C5A9E /* PBXTargetDependency */,
			);
			name = UIElementTests;
			productName = UIElementTests;
			productReference = 5A65101A2B300B97008C5A9E /* UIElementTests.xctest */;
			productType = "com.apple.product-type.bundle.unit-test";
		};
		5A6510232B300B97008C5A9E /* UIElementUITests */ = {
			isa = PBXNativeTarget;
			buildConfigurationList = 5A6510342B300B97008C5A9E /* Build configuration list for PBXNativeTarget "UIElementUITests" */;
			buildPhases = (
				5A6510202B300B97008C5A9E /* Sources */,
				5A6510212B300B97008C5A9E /* Frameworks */,
				5A6510222B300B97008C5A9E /* Resources */,
			);
			buildRules = (
			);
			dependencies = (
				5A6510262B300B97008C5A9E /* PBXTargetDependency */,
			);
			name = UIElementUITests;
			productName = UIElementUITests;
			productReference = 5A6510242B300B97008C5A9E /* UIElementUITests.xctest */;
			productType = "com.apple.product-type.bundle.ui-testing";
		};
/* End PBXNativeTarget section */

/* Begin PBXProject section */
		5A6510022B300B96008C5A9E /* Project object */ = {
			isa = PBXProject;
			attributes = {
				BuildIndependentTargetsInParallel = 1;
				LastSwiftUpdateCheck = 1500;
				LastUpgradeCheck = 1500;
				TargetAttributes = {
					5A6510092B300B96008C5A9E = {
						CreatedOnToolsVersion = 15.0.1;
					};
					5A6510192B300B97008C5A9E = {
						CreatedOnToolsVersion = 15.0.1;
						TestTargetID = 5A6510092B300B96008C5A9E;
					};
					5A6510232B300B97008C5A9E = {
						CreatedOnToolsVersion = 15.0.1;
						TestTargetID = 5A6510092B300B96008C5A9E;
					};
				};
			};
			buildConfigurationList = 5A6510052B300B96008C5A9E /* Build configuration list for PBXProject "UIElement" */;
			compatibilityVersion = "Xcode 14.0";
			developmentRegion = en;
			hasScannedForEncodings = 0;
			knownRegions = (
				en,
				Base,
			);
			mainGroup = 5A6510012B300B96008C5A9E;
			productRefGroup = 5A65100B2B300B96008C5A9E /* Products */;
			projectDirPath = "";
			projectRoot = "";
			targets = (
				5A6510092B300B96008C5A9E /* UIElement */,
				5A6510192B300B97008C5A9E /* UIElementTests */,
				5A6510232B300B97008C5A9E /* UIElementUITests */,
			);
		};
/* End PBXProject section */

/* Begin PBXResourcesBuildPhase section */
		5A6510082B300B96008C5A9E /* Resources */ = {
			isa = PBXResourcesBuildPhase;
			buildActionMask = 2147483647;
			files = (
				5A6510152B300B97008C5A9E /* Preview Assets.xcassets in Resources */,
				5A6510122B300B97008C5A9E /* Assets.xcassets in Resources */,
			);
			runOnlyForDeploymentPostprocessing = 0;
		};
		5A6510182B300B97008C5A9E /* Resources */ = {
			isa = PBXResourcesBuildPhase;
			buildActionMask = 2147483647;
			files = (
			);
			runOnlyForDeploymentPostprocessing = 0;
		};
		5A6510222B300B97008C5A9E /* Resources */ = {
			isa = PBXResourcesBuildPhase;
			buildActionMask = 2147483647;
			files = (
			);
			runOnlyForDeploymentPostprocessing = 0;
		};
/* End PBXResourcesBuildPhase section */

/* Begin PBXSourcesBuildPhase section */
		5A6510062B300B96008C5A9E /* Sources */ = {
			isa = PBXSourcesBuildPhase;
			buildActionMask = 2147483647;
			files = (
				5A6510102B300B96008C5A9E /* ContentView.swift in Sources */,
				5A65100E2B300B96008C5A9E /* UIElementApp.swift in Sources */,
			);
			runOnlyForDeploymentPostprocessing = 0;
		};
		5A6510162B300B97008C5A9E /* Sources */ = {
			isa = PBXSourcesBuildPhase;
			buildActionMask = 2147483647;
			files = (
				5A65101F2B300B97008C5A9E /* UIElementTests.swift in Sources */,
			);
			runOnlyForDeploymentPostprocessing = 0;
		};
		5A6510202B300B97008C5A9E /* Sources */ = {
			isa = PBXSourcesBuildPhase;
			buildActionMask = 2147483647;
			files = (
				5A6510292B300B97008C5A9E /* UIElementUITests.swift in Sources */,
				5A65102B2B300B97008C5A9E /* UIElementUITestsLaunchTests.swift in Sources */,
			);
			runOnlyForDeploymentPostprocessing = 0;
		};
/* End PBXSourcesBuildPhase section */

/* Begin PBXTargetDependency section */
		5A65101C2B300B97008C5A9E /* PBXTargetDependency */ = {
			isa = PBXTargetDependency;
			target = 5A6510092B300B96008C5A9E /* UIElement */;
			targetProxy = 5A65101B2B300B97008C5A9E /* PBXContainerItemProxy */;
		};
		5A6510262B300B97008C5A9E /* PBXTargetDependency */ = {
			isa = PBXTargetDependency;
			target = 5A6510092B300B96008C5A9E /* UIElement */;
			targetProxy = 5A6510252B300B97008C5A9E /* PBXContainerItemProxy */;
		};
/* End PBXTargetDependency section */

/* Begin XCBuildConfiguration section */
		5A65102C2B300B97008C5A9E /* Debug */ = {
			isa = XCBuildConfiguration;
			buildSettings = {
				ALWAYS_SEARCH_USER_PATHS = NO;
				ASSETCATALOG_COMPILER_GENERATE_SWIFT_ASSET_SYMBOL_EXTENSIONS = YES;
				CLANG_ANALYZER_NONNULL = YES;
				CLANG_ANALYZER_NUMBER_OBJECT_CONVERSION = YES_AGGRESSIVE;
				CLANG_CXX_LANGUAGE_STANDARD = "gnu++20";
				CLANG_ENABLE_MODULES = YES;
				CLANG_ENABLE_OBJC_ARC = YES;
				CLANG_ENABLE_OBJC_WEAK = YES;
				CLANG_WARN_BLOCK_CAPTURE_AUTORELEASING = YES;
				CLANG_WARN_BOOL_CONVERSION = YES;
				CLANG_WARN_COMMA = YES;
				CLANG_WARN_CONSTANT_CONVERSION = YES;
				CLANG_WARN_DEPRECATED_OBJC_IMPLEMENTATIONS = YES;
				CLANG_WARN_DIRECT_OBJC_ISA_USAGE = YES_ERROR;
				CLANG_WARN_DOCUMENTATION_COMMENTS = YES;
				CLANG_WARN_EMPTY_BODY = YES;
				CLANG_WARN_ENUM_CONVERSION = YES;
				CLANG_WARN_INFINITE_RECURSION = YES;
				CLANG_WARN_INT_CONVERSION = YES;
				CLANG_WARN_NON_LITERAL_NULL_CONVERSION = YES;
				CLANG_WARN_OBJC_IMPLICIT_RETAIN_SELF = YES;
				CLANG_WARN_OBJC_LITERAL_CONVERSION = YES;
				CLANG_WARN_OBJC_ROOT_CLASS = YES_ERROR;
				CLANG_WARN_QUOTED_INCLUDE_IN_FRAMEWORK_HEADER = YES;
				CLANG_WARN_RANGE_LOOP_ANALYSIS = YES;
				CLANG_WARN_STRICT_PROTOTYPES = YES;
				CLANG_WARN_SUSPICIOUS_MOVE = YES;
				CLANG_WARN_UNGUARDED_AVAILABILITY = YES_AGGRESSIVE;
				CLANG_WARN_UNREACHABLE_CODE = YES;
				CLANG_WARN__DUPLICATE_METHOD_MATCH = YES;
				COPY_PHASE_STRIP = NO;
				DEBUG_INFORMATION_FORMAT = dwarf;
				ENABLE_STRICT_OBJC_MSGSEND = YES;
				ENABLE_TESTABILITY = YES;
				ENABLE_USER_SCRIPT_SANDBOXING = YES;
				GCC_C_LANGUAGE_STANDARD = gnu17;
				GCC_DYNAMIC_NO_PIC = NO;
				GCC_NO_COMMON_BLOCKS = YES;
				GCC_OPTIMIZATION_LEVEL = 0;
				GCC_PREPROCESSOR_DEFINITIONS = (
					"DEBUG=1",
					"$(inherited)",
				);
				GCC_WARN_64_TO_32_BIT_CONVERSION = YES;
				GCC_WARN_ABOUT_RETURN_TYPE = YES_ERROR;
				GCC_WARN_UNDECLARED_SELECTOR = YES;
				GCC_WARN_UNINITIALIZED_AUTOS = YES_AGGRESSIVE;
				GCC_WARN_UNUSED_FUNCTION = YES;
				GCC_WARN_UNUSED_VARIABLE = YES;
				IPHONEOS_DEPLOYMENT_TARGET = 17.0;
				LOCALIZATION_PREFERS_STRING_CATALOGS = YES;
				MTL_ENABLE_DEBUG_INFO = INCLUDE_SOURCE;
				MTL_FAST_MATH = YES;
				ONLY_ACTIVE_ARCH = YES;
				SDKROOT = iphoneos;
				SWIFT_ACTIVE_COMPILATION_CONDITIONS = "DEBUG $(inherited)";
				SWIFT_OPTIMIZATION_LEVEL = "-Onone";
			};
			name = Debug;
		};
		5A65102D2B300B97008C5A9E /* Release */ = {
			isa = XCBuildConfiguration;
			buildSettings = {
				ALWAYS_SEARCH_USER_PATHS = NO;
				ASSETCATALOG_COMPILER_GENERATE_SWIFT_ASSET_SYMBOL_EXTENSIONS = YES;
				CLANG_ANALYZER_NONNULL = YES;
				CLANG_ANALYZER_NUMBER_OBJECT_CONVERSION = YES_AGGRESSIVE;
				CLANG_CXX_LANGUAGE_STANDARD = "gnu++20";
				CLANG_ENABLE_MODULES = YES;
				CLANG_ENABLE_OBJC_ARC = YES;
				CLANG_ENABLE_OBJC_WEAK = YES;
				CLANG_WARN_BLOCK_CAPTURE_AUTORELEASING = YES;
				CLANG_WARN_BOOL_CONVERSION = YES;
				CLANG_WARN_COMMA = YES;
				CLANG_WARN_CONSTANT_CONVERSION = YES;
				CLANG_WARN_DEPRECATED_OBJC_IMPLEMENTATIONS = YES;
				CLANG_WARN_DIRECT_OBJC_ISA_USAGE = YES_ERROR;
				CLANG_WARN_DOCUMENTATION_COMMENTS = YES;
				CLANG_WARN_EMPTY_BODY = YES;
				CLANG_WARN_ENUM_CONVERSION = YES;
				CLANG_WARN_INFINITE_RECURSION = YES;
				CLANG_WARN_INT_CONVERSION = YES;
				CLANG_WARN_NON_LITERAL_NULL_CONVERSION = YES;
				CLANG_WARN_OBJC_IMPLICIT_RETAIN_SELF = YES;
				CLANG_WARN_OBJC_LITERAL_CONVERSION = YES;
				CLANG_WARN_OBJC_ROOT_CLASS = YES_ERROR;
				CLANG_WARN_QUOTED_INCLUDE_IN_FRAMEWORK_HEADER = YES;
				CLANG_WARN_RANGE_LOOP_ANALYSIS = YES;
				CLANG_WARN_STRICT_PROTOTYPES = YES;
				CLANG_WARN_SUSPICIOUS_MOVE = YES;
				CLANG_WARN_UNGUARDED_AVAILABILITY = YES_AGGRESSIVE;
				CLANG_WARN_UNREACHABLE_CODE = YES;
				CLANG_WARN__DUPLICATE_METHOD_MATCH = YES;
				COPY_PHASE_STRIP = NO;
				DEBUG_INFORMATION_FORMAT = "dwarf-with-dsym";
				ENABLE_NS_ASSERTIONS = NO;
				ENABLE_STRICT_OBJC_MSGSEND = YES;
				ENABLE_USER_SCRIPT_SANDBOXING = YES;
				GCC_C_LANGUAGE_STANDARD = gnu17;
				GCC_NO_COMMON_BLOCKS = YES;
				GCC_WARN_64_TO_32_BIT_CONVERSION = YES;
				GCC_WARN_ABOUT_RETURN_TYPE = YES_ERROR;
				GCC_WARN_UNDECLARED_SELECTOR = YES;
				GCC_WARN_UNINITIALIZED_AUTOS = YES_AGGRESSIVE;
				GCC_WARN_UNUSED_FUNCTION = YES;
				GCC_WARN_UNUSED_VARIABLE = YES;
				IPHONEOS_DEPLOYMENT_TARGET = 17.0;
				LOCALIZATION_PREFERS_STRING_CATALOGS = YES;
				MTL_ENABLE_DEBUG_INFO = NO;
				MTL_FAST_MATH = YES;
				SDKROOT = iphoneos;
				SWIFT_COMPILATION_MODE = wholemodule;
				VALIDATE_PRODUCT = YES;
			};
			name = Release;
		};
		5A65102F2B300B97008C5A9E /* Debug */ = {
			isa = XCBuildConfiguration;
			buildSettings = {
				ASSETCATALOG_COMPILER_APPICON_NAME = AppIcon;
				ASSETCATALOG_COMPILER_GLOBAL_ACCENT_COLOR_NAME = AccentColor;
				CODE_SIGN_STYLE = Automatic;
				CURRENT_PROJECT_VERSION = 1;
				DEVELOPMENT_ASSET_PATHS = "\"UIElement/Preview Content\"";
				ENABLE_PREVIEWS = YES;
				GENERATE_INFOPLIST_FILE = YES;
				INFOPLIST_KEY_UIApplicationSceneManifest_Generation = YES;
				INFOPLIST_KEY_UIApplicationSupportsIndirectInputEvents = YES;
				INFOPLIST_KEY_UILaunchScreen_Generation = YES;
				INFOPLIST_KEY_UISupportedInterfaceOrientations_iPad = "UIInterfaceOrientationPortrait UIInterfaceOrientationPortraitUpsideDown UIInterfaceOrientationLandscapeLeft UIInterfaceOrientationLandscapeRight";
				INFOPLIST_KEY_UISupportedInterfaceOrientations_iPhone = "UIInterfaceOrientationPortrait UIInterfaceOrientationLandscapeLeft UIInterfaceOrientationLandscapeRight";
				LD_RUNPATH_SEARCH_PATHS = (
					"$(inherited)",
					"@executable_path/Frameworks",
				);
				MARKETING_VERSION = 1.0;
				PRODUCT_BUNDLE_IDENTIFIER = Sample.UIElement;
				PRODUCT_NAME = "$(TARGET_NAME)";
				SWIFT_EMIT_LOC_STRINGS = YES;
				SWIFT_VERSION = 5.0;
				TARGETED_DEVICE_FAMILY = "1,2";
			};
			name = Debug;
		};
		5A6510302B300B97008C5A9E /* Release */ = {
			isa = XCBuildConfiguration;
			buildSettings = {
				ASSETCATALOG_COMPILER_APPICON_NAME = AppIcon;
				ASSETCATALOG_COMPILER_GLOBAL_ACCENT_COLOR_NAME = AccentColor;
				CODE_SIGN_STYLE = Automatic;
				CURRENT_PROJECT_VERSION = 1;
				DEVELOPMENT_ASSET_PATHS = "\"UIElement/Preview Content\"";
				ENABLE_PREVIEWS = YES;
				GENERATE_INFOPLIST_FILE = YES;
				INFOPLIST_KEY_UIApplicationSceneManifest_Generation = YES;
				INFOPLIST_KEY_UIApplicationSupportsIndirectInputEvents = YES;
				INFOPLIST_KEY_UILaunchScreen_Generation = YES;
				INFOPLIST_KEY_UISupportedInterfaceOrientations_iPad = "UIInterfaceOrientationPortrait UIInterfaceOrientationPortraitUpsideDown UIInterfaceOrientationLandscapeLeft UIInterfaceOrientationLandscapeRight";
				INFOPLIST_KEY_UISupportedInterfaceOrientations_iPhone = "UIInterfaceOrientationPortrait UIInterfaceOrientationLandscapeLeft UIInterfaceOrientationLandscapeRight";
				LD_RUNPATH_SEARCH_PATHS = (
					"$(inherited)",
					"@executable_path/Frameworks",
				);
				MARKETING_VERSION = 1.0;
				PRODUCT_BUNDLE_IDENTIFIER = Sample.UIElement;
				PRODUCT_NAME = "$(TARGET_NAME)";
				SWIFT_EMIT_LOC_STRINGS = YES;
				SWIFT_VERSION = 5.0;
				TARGETED_DEVICE_FAMILY = "1,2";
			};
			name = Release;
		};
		5A6510322B300B97008C5A9E /* Debug */ = {
			isa = XCBuildConfiguration;
			buildSettings = {
				ALWAYS_EMBED_SWIFT_STANDARD_LIBRARIES = YES;
				BUNDLE_LOADER = "$(TEST_HOST)";
				CODE_SIGN_STYLE = Automatic;
				CURRENT_PROJECT_VERSION = 1;
				GENERATE_INFOPLIST_FILE = YES;
				IPHONEOS_DEPLOYMENT_TARGET = 17.0;
				MARKETING_VERSION = 1.0;
				PRODUCT_BUNDLE_IDENTIFIER = Sample.UIElementTests;
				PRODUCT_NAME = "$(TARGET_NAME)";
				SWIFT_EMIT_LOC_STRINGS = NO;
				SWIFT_VERSION = 5.0;
				TARGETED_DEVICE_FAMILY = "1,2";
				TEST_HOST = "$(BUILT_PRODUCTS_DIR)/UIElement.app/$(BUNDLE_EXECUTABLE_FOLDER_PATH)/UIElement";
			};
			name = Debug;
		};
		5A6510332B300B97008C5A9E /* Release */ = {
			isa = XCBuildConfiguration;
			buildSettings = {
				ALWAYS_EMBED_SWIFT_STANDARD_LIBRARIES = YES;
				BUNDLE_LOADER = "$(TEST_HOST)";
				CODE_SIGN_STYLE = Automatic;
				CURRENT_PROJECT_VERSION = 1;
				GENERATE_INFOPLIST_FILE = YES;
				IPHONEOS_DEPLOYMENT_TARGET = 17.0;
				MARKETING_VERSION = 1.0;
				PRODUCT_BUNDLE_IDENTIFIER = Sample.UIElementTests;
				PRODUCT_NAME = "$(TARGET_NAME)";
				SWIFT_EMIT_LOC_STRINGS = NO;
				SWIFT_VERSION = 5.0;
				TARGETED_DEVICE_FAMILY = "1,2";
				TEST_HOST = "$(BUILT_PRODUCTS_DIR)/UIElement.app/$(BUNDLE_EXECUTABLE_FOLDER_PATH)/UIElement";
			};
			name = Release;
		};
		5A6510352B300B97008C5A9E /* Debug */ = {
			isa = XCBuildConfiguration;
			buildSettings = {
				ALWAYS_EMBED_SWIFT_STANDARD_LIBRARIES = YES;
				CODE_SIGN_STYLE = Automatic;
				CURRENT_PROJECT_VERSION = 1;
				GENERATE_INFOPLIST_FILE = YES;
				MARKETING_VERSION = 1.0;
				PRODUCT_BUNDLE_IDENTIFIER = Sample.UIElementUITests;
				PRODUCT_NAME = "$(TARGET_NAME)";
				SWIFT_EMIT_LOC_STRINGS = NO;
				SWIFT_VERSION = 5.0;
				TARGETED_DEVICE_FAMILY = "1,2";
				TEST_TARGET_NAME = UIElement;
			};
			name = Debug;
		};
		5A6510362B300B97008C5A9E /* Release */ = {
			isa = XCBuildConfiguration;
			buildSettings = {
				ALWAYS_EMBED_SWIFT_STANDARD_LIBRARIES = YES;
				CODE_SIGN_STYLE = Automatic;
				CURRENT_PROJECT_VERSION = 1;
				GENERATE_INFOPLIST_FILE = YES;
				MARKETING_VERSION = 1.0;
				PRODUCT_BUNDLE_IDENTIFIER = Sample.UIElementUITests;
				PRODUCT_NAME = "$(TARGET_NAME)";
				SWIFT_EMIT_LOC_STRINGS = NO;
				SWIFT_VERSION = 5.0;
				TARGETED_DEVICE_FAMILY = "1,2";
				TEST_TARGET_NAME = UIElement;
			};
			name = Release;
		};
/* End XCBuildConfiguration section */

/* Begin XCConfigurationList section */
		5A6510052B300B96008C5A9E /* Build configuration list for PBXProject "UIElement" */ = {
			isa = XCConfigurationList;
			buildConfigurations = (
				5A65102C2B300B97008C5A9E /* Debug */,
				5A65102D2B300B97008C5A9E /* Release */,
			);
			defaultConfigurationIsVisible = 0;
			defaultConfigurationName = Release;
		};
		5A65102E2B300B97008C5A9E /* Build configuration list for PBXNativeTarget "UIElement" */ = {
			isa = XCConfigurationList;
			buildConfigurations = (
				5A65102F2B300B97008C5A9E /* Debug */,
				5A6510302B300B97008C5A9E /* Release */,
			);
			defaultConfigurationIsVisible = 0;
			defaultConfigurationName = Release;
		};
		5A6510312B300B97008C5A9E /* Build configuration list for PBXNativeTarget "UIElementTests" */ = {
			isa = XCConfigurationList;
			buildConfigurations = (
				5A6510322B300B97008C5A9E /* Debug */,
				5A6510332B300B97008C5A9E /* Release */,
			);
			defaultConfigurationIsVisible = 0;
			defaultConfigurationName = Release;
		};
		5A6510342B300B97008C5A9E /* Build configuration list for PBXNativeTarget "UIElementUITests" */ = {
			isa = XCConfigurationList;
			buildConfigurations = (
				5A6510352B300B97008C5A9E /* Debug */,
				5A6510362B300B97008C5A9E /* Release */,
			);
			defaultConfigurationIsVisible = 0;
			defaultConfigurationName = Release;
		};
/* End XCConfigurationList section */
	};
	rootObject = 5A6510022B300B96008C5A9E /* Project object */;
}
